Microsoft Visual Studio Solution File, Format Version 12.00
# Visual Studio Version 17
VisualStudioVersion = 17.5.2.0
MinimumVisualStudioVersion = 10.0.40219.1
Project("{FAE04EC0-301F-11D3-BF4B-00C04F79EFBC}") = "FreshFarmMarket", "FreshFarmMarket.csproj", "{7EDC8779-6E4E-F68E-E56C-206DD406100A}"
EndProject
Global
	GlobalSection(SolutionConfigurationPlatforms) = preSolution
		Debug|Any CPU = Debug|Any CPU
		Release|Any CPU = Release|Any CPU
	EndGlobalSection
	GlobalSection(ProjectConfigurationPlatforms) = postSolution
		{7EDC8779-6E4E-F68E-E56C-206DD406100A}.Debug|Any CPU.ActiveCfg = Debug|Any CPU
		{7EDC8779-6E4E-F68E-E56C-206DD406100A}.Debug|Any CPU.Build.0 = Debug|Any CPU
		{7EDC8779-6E4E-F68E-E56C-206DD406100A}.Release|Any CPU.ActiveCfg = Release|Any CPU
		{7EDC8779-6E4E-F68E-E56C-206DD406100A}.Release|Any CPU.Build.0 = Release|Any CPU
	EndGlobalSection
	GlobalSection(SolutionProperties) = preSolution
		HideSolutionNode = FALSE
	EndGlobalSection
	GlobalSection(ExtensibilityGlobals) = postSolution
		SolutionGuid = {3B627F19-C9F7-4ECF-826C-B3D92C9E3AFE}
	EndGlobalSection
EndGlobal
